
Microsoft Visual Studio Solution File, Format Version 12.00
# Visual Studio 15
VisualStudioVersion = 15.0.27004.2009
MinimumVisualStudioVersion = 10.0.40219.1
Project("{FAE04EC0-301F-11D3-BF4B-00C04F79EFBC}") = "SL.WebExperience.Test.Web", "SL.WebExperience.Test.Web\SL.WebExperience.Test.Web.csproj", "{FA3CAA19-9573-435E-9754-2BEEB0D4C752}"
EndProject
Global
	GlobalSection(SolutionConfigurationPlatforms) = preSolution
		Debug|Any CPU = Debug|Any CPU
		Release|Any CPU = Release|Any CPU
	EndGlobalSection
	GlobalSection(ProjectConfigurationPlatforms) = postSolution
		{FA3CAA19-9573-435E-9754-2BEEB0D4C752}.Debug|Any CPU.ActiveCfg = Debug|Any CPU
		{FA3CAA19-9573-435E-9754-2BEEB0D4C752}.Debug|Any CPU.Build.0 = Debug|Any CPU
		{FA3CAA19-9573-435E-9754-2BEEB0D4C752}.Release|Any CPU.ActiveCfg = Release|Any CPU
		{FA3CAA19-9573-435E-9754-2BEEB0D4C752}.Release|Any CPU.Build.0 = Release|Any CPU
	EndGlobalSection
	GlobalSection(SolutionProperties) = preSolution
		HideSolutionNode = FALSE
	EndGlobalSection
	GlobalSection(ExtensibilityGlobals) = postSolution
		SolutionGuid = {9D5969E8-692C-484C-B64F-1BB4487FF362}
	EndGlobalSection
EndGlobal
